PODS:
  - Aardvark (5.0.0):
    - CoreAardvark (~> 4.0)
  - AardvarkMailUI (2.0.0):
    - Aardvark (~> 5.0.0)
  - AardvarkReveal (2.0.0):
    - Aardvark (~> 5.0)
  - AardvarkReveal/UnitTests (2.0.0):
    - Aardvark (~> 5.0)
  - CoreAardvark (4.0.0)
  - Reveal-SDK (29)

DEPENDENCIES:
  - Aardvark (~> 5.0)
  - AardvarkMailUI (~> 2.0)
  - AardvarkReveal (from `../AardvarkReveal.podspec`)
  - AardvarkReveal/UnitTests (from `../AardvarkReveal.podspec`)
  - CoreAardvark (~> 4.0)
  - Reveal-SDK

SPEC REPOS:
  trunk:
    - Aardvark
    - AardvarkMailUI
    - CoreAardvark
    - Reveal-SDK

EXTERNAL SOURCES:
  AardvarkReveal:
    :path: "../AardvarkReveal.podspec"

SPEC CHECKSUMS:
  Aardvark: 783a49c945545c11e82e22a87ef82ced58033c21
  AardvarkMailUI: b5324ce0fab7c121e4093baad5280c89a4c8275a
  AardvarkReveal: 410027948dda92f201e26d1401ae6d53ed82952c
  CoreAardvark: a3e7c44b2889acdcf14d39a1d703d1e8bdfd94be
  Reveal-SDK: 0ecda2395cf587e2f574c19a723b3dd27c90572e

PODFILE CHECKSUM: fba3ab7f68b6d79772e50081defddd1d556b036b

COCOAPODS: 1.14.3
