PODS:
  - Aardvark (4.0.0):
    - CoreAardvark (~> 3.0)
  - AardvarkMailUI (1.0.0):
    - Aardvark (~> 4.0)
  - AardvarkReveal (1.0.0):
    - Aardvark (~> 4.0)
  - AardvarkReveal/UnitTests (1.0.0):
    - Aardvark (~> 4.0)
  - CoreAardvark (3.0.0)
  - Reveal-SDK (27)

DEPENDENCIES:
  - Aardvark (~> 4.0)
  - AardvarkMailUI (~> 1.0)
  - AardvarkReveal (from `../AardvarkReveal.podspec`)
  - AardvarkReveal/UnitTests (from `../AardvarkReveal.podspec`)
  - CoreAardvark (~> 3.0)
  - Reveal-SDK

SPEC REPOS:
  trunk:
    - Aardvark
    - AardvarkMailUI
    - CoreAardvark
    - Reveal-SDK

EXTERNAL SOURCES:
  AardvarkReveal:
    :path: "../AardvarkReveal.podspec"

SPEC CHECKSUMS:
  Aardvark: 6d84a2e9d317d3b5ff7bf9b860c6e2ccf444043c
  AardvarkMailUI: a3b61ff1fbd62c9d33703efc3f0cc34597afad73
  AardvarkReveal: d0326597fe83ee50544444d72ab6667031e10845
  CoreAardvark: 9c943d82736bc261ff4130287aa25e4f35dc7567
  Reveal-SDK: 306e2880395ee396f5a8b4c485c3a86dd19866c7

PODFILE CHECKSUM: c946a587b5ae753384fb496c4fa34c72f2525aae

COCOAPODS: 1.10.0
